# This file is automatically @generated by Cargo.
# It is not intended for manual editing.
version = 4

[[package]]
name = "malleus-arch"
version = "0.0.0"

[[package]]
name = "malleus-arch-cortex-m"
version = "0.0.0"
dependencies = [
 "malleus-arch",
]

[[package]]
name = "nucleo-f767zi"
version = "0.0.0"
dependencies = [
 "malleus-arch-cortex-m",
]
